
Microsoft Visual Studio Solution File, Format Version 12.00
# Visual Studio Version 17
VisualStudioVersion = 17.10.35122.118
MinimumVisualStudioVersion = 10.0.40219.1
Project("{9A19103F-16F7-4668-BE54-9A1E7A4F7556}") = "BulkyWeb", "BulkyWeb\BulkyWeb.csproj", "{9EBE85E4-1B59-4F9D-B9DD-CBE2694FA769}"
EndProject
Project("{FAE04EC0-301F-11D3-BF4B-00C04F79EFBC}") = "BulkyWeb_Razor", "BulkyWeb_Razor\BulkyWeb_Razor.csproj", "{1A6BEDAF-FC5F-4022-9D96-DD36BF90BF0A}"
EndProject
Global
	GlobalSection(SolutionConfigurationPlatforms) = preSolution
		Debug|Any CPU = Debug|Any CPU
		Release|Any CPU = Release|Any CPU
	EndGlobalSection
	GlobalSection(ProjectConfigurationPlatforms) = postSolution
		{9EBE85E4-1B59-4F9D-B9DD-CBE2694FA769}.Debug|Any CPU.ActiveCfg = Debug|Any CPU
		{9EBE85E4-1B59-4F9D-B9DD-CBE2694FA769}.Debug|Any CPU.Build.0 = Debug|Any CPU
		{9EBE85E4-1B59-4F9D-B9DD-CBE2694FA769}.Release|Any CPU.ActiveCfg = Release|Any CPU
		{9EBE85E4-1B59-4F9D-B9DD-CBE2694FA769}.Release|Any CPU.Build.0 = Release|Any CPU
		{1A6BEDAF-FC5F-4022-9D96-DD36BF90BF0A}.Debug|Any CPU.ActiveCfg = Debug|Any CPU
		{1A6BEDAF-FC5F-4022-9D96-DD36BF90BF0A}.Debug|Any CPU.Build.0 = Debug|Any CPU
		{1A6BEDAF-FC5F-4022-9D96-DD36BF90BF0A}.Release|Any CPU.ActiveCfg = Release|Any CPU
		{1A6BEDAF-FC5F-4022-9D96-DD36BF90BF0A}.Release|Any CPU.Build.0 = Release|Any CPU
	EndGlobalSection
	GlobalSection(SolutionProperties) = preSolution
		HideSolutionNode = FALSE
	EndGlobalSection
	GlobalSection(ExtensibilityGlobals) = postSolution
		SolutionGuid = {65A2F1EF-1AD7-4E1D-BADA-0C2DB349A0CC}
	EndGlobalSection
EndGlobal
