
Microsoft Visual Studio Solution File, Format Version 12.00
# Visual Studio Version 17
VisualStudioVersion = 17.10.35122.118
MinimumVisualStudioVersion = 10.0.40219.1
Project("{9A19103F-16F7-4668-BE54-9A1E7A4F7556}") = "BulkyWeb", "BulkyWeb\BulkyWeb.csproj", "{9EBE85E4-1B59-4F9D-B9DD-CBE2694FA769}"
EndProject
Project("{9A19103F-16F7-4668-BE54-9A1E7A4F7556}") = "BulkyWeb_Razor", "BulkyWeb_Razor\BulkyWeb_Razor.csproj", "{1A6BEDAF-FC5F-4022-9D96-DD36BF90BF0A}"
EndProject
Project("{FAE04EC0-301F-11D3-BF4B-00C04F79EFBC}") = "Bulky.DataAccess", "Bulky.DataAccess\Bulky.DataAccess.csproj", "{EB439CDA-F62A-4D11-B2C1-3114D8AE853F}"
EndProject
Project("{FAE04EC0-301F-11D3-BF4B-00C04F79EFBC}") = "Bulky.Models", "Bulky.Models\Bulky.Models.csproj", "{695C7936-BF4D-4990-B137-D54C0F0848D1}"
EndProject
Project("{FAE04EC0-301F-11D3-BF4B-00C04F79EFBC}") = "Bulky.Utility", "Bulky.Utility\Bulky.Utility.csproj", "{0AEA5D8D-A6B0-4C42-8EB7-C3F7A4BFEB4F}"
EndProject
Global
	GlobalSection(SolutionConfigurationPlatforms) = preSolution
		Debug|Any CPU = Debug|Any CPU
		Release|Any CPU = Release|Any CPU
	EndGlobalSection
	GlobalSection(ProjectConfigurationPlatforms) = postSolution
		{9EBE85E4-1B59-4F9D-B9DD-CBE2694FA769}.Debug|Any CPU.ActiveCfg = Debug|Any CPU
		{9EBE85E4-1B59-4F9D-B9DD-CBE2694FA769}.Debug|Any CPU.Build.0 = Debug|Any CPU
		{9EBE85E4-1B59-4F9D-B9DD-CBE2694FA769}.Release|Any CPU.ActiveCfg = Release|Any CPU
		{9EBE85E4-1B59-4F9D-B9DD-CBE2694FA769}.Release|Any CPU.Build.0 = Release|Any CPU
		{1A6BEDAF-FC5F-4022-9D96-DD36BF90BF0A}.Debug|Any CPU.ActiveCfg = Debug|Any CPU
		{1A6BEDAF-FC5F-4022-9D96-DD36BF90BF0A}.Debug|Any CPU.Build.0 = Debug|Any CPU
		{1A6BEDAF-FC5F-4022-9D96-DD36BF90BF0A}.Release|Any CPU.ActiveCfg = Release|Any CPU
		{1A6BEDAF-FC5F-4022-9D96-DD36BF90BF0A}.Release|Any CPU.Build.0 = Release|Any CPU
		{EB439CDA-F62A-4D11-B2C1-3114D8AE853F}.Debug|Any CPU.ActiveCfg = Debug|Any CPU
		{EB439CDA-F62A-4D11-B2C1-3114D8AE853F}.Debug|Any CPU.Build.0 = Debug|Any CPU
		{EB439CDA-F62A-4D11-B2C1-3114D8AE853F}.Release|Any CPU.ActiveCfg = Release|Any CPU
		{EB439CDA-F62A-4D11-B2C1-3114D8AE853F}.Release|Any CPU.Build.0 = Release|Any CPU
		{695C7936-BF4D-4990-B137-D54C0F0848D1}.Debug|Any CPU.ActiveCfg = Debug|Any CPU
		{695C7936-BF4D-4990-B137-D54C0F0848D1}.Debug|Any CPU.Build.0 = Debug|Any CPU
		{695C7936-BF4D-4990-B137-D54C0F0848D1}.Release|Any CPU.ActiveCfg = Release|Any CPU
		{695C7936-BF4D-4990-B137-D54C0F0848D1}.Release|Any CPU.Build.0 = Release|Any CPU
		{0AEA5D8D-A6B0-4C42-8EB7-C3F7A4BFEB4F}.Debug|Any CPU.ActiveCfg = Debug|Any CPU
		{0AEA5D8D-A6B0-4C42-8EB7-C3F7A4BFEB4F}.Debug|Any CPU.Build.0 = Debug|Any CPU
		{0AEA5D8D-A6B0-4C42-8EB7-C3F7A4BFEB4F}.Release|Any CPU.ActiveCfg = Release|Any CPU
		{0AEA5D8D-A6B0-4C42-8EB7-C3F7A4BFEB4F}.Release|Any CPU.Build.0 = Release|Any CPU
	EndGlobalSection
	GlobalSection(SolutionProperties) = preSolution
		HideSolutionNode = FALSE
	EndGlobalSection
	GlobalSection(ExtensibilityGlobals) = postSolution
		SolutionGuid = {65A2F1EF-1AD7-4E1D-BADA-0C2DB349A0CC}
	EndGlobalSection
EndGlobal
